
Microsoft Visual Studio Solution File, Format Version 12.00
# Visual Studio Version 17
VisualStudioVersion = 17.11.35312.102
MinimumVisualStudioVersion = 10.0.40219.1
Project("{9A19103F-16F7-4668-BE54-9A1E7A4F7556}") = "MBS.DAL", "MBS.DAL\MBS.DAL.csproj", "{5532245B-4960-4F58-B258-9E11C2D39B52}"
EndProject
Project("{9A19103F-16F7-4668-BE54-9A1E7A4F7556}") = "MBS.Models", "MBS.Models\MBS.Models.csproj", "{49085B78-3DED-4090-84C4-4B6FB1B625B9}"
EndProject
Project("{9A19103F-16F7-4668-BE54-9A1E7A4F7556}") = "MBS.UI", "MBS.UI\MBS.UI.csproj", "{CFE2335C-FD31-4459-AC83-4481BF7EEFC2}"
EndProject
Global
	GlobalSection(SolutionConfigurationPlatforms) = preSolution
		Debug|Any CPU = Debug|Any CPU
		Release|Any CPU = Release|Any CPU
	EndGlobalSection
	GlobalSection(ProjectConfigurationPlatforms) = postSolution
		{5532245B-4960-4F58-B258-9E11C2D39B52}.Debug|Any CPU.ActiveCfg = Debug|Any CPU
		{5532245B-4960-4F58-B258-9E11C2D39B52}.Debug|Any CPU.Build.0 = Debug|Any CPU
		{5532245B-4960-4F58-B258-9E11C2D39B52}.Release|Any CPU.ActiveCfg = Release|Any CPU
		{5532245B-4960-4F58-B258-9E11C2D39B52}.Release|Any CPU.Build.0 = Release|Any CPU
		{49085B78-3DED-4090-84C4-4B6FB1B625B9}.Debug|Any CPU.ActiveCfg = Debug|Any CPU
		{49085B78-3DED-4090-84C4-4B6FB1B625B9}.Debug|Any CPU.Build.0 = Debug|Any CPU
		{49085B78-3DED-4090-84C4-4B6FB1B625B9}.Release|Any CPU.ActiveCfg = Release|Any CPU
		{49085B78-3DED-4090-84C4-4B6FB1B625B9}.Release|Any CPU.Build.0 = Release|Any CPU
		{CFE2335C-FD31-4459-AC83-4481BF7EEFC2}.Debug|Any CPU.ActiveCfg = Debug|Any CPU
		{CFE2335C-FD31-4459-AC83-4481BF7EEFC2}.Debug|Any CPU.Build.0 = Debug|Any CPU
		{CFE2335C-FD31-4459-AC83-4481BF7EEFC2}.Release|Any CPU.ActiveCfg = Release|Any CPU
		{CFE2335C-FD31-4459-AC83-4481BF7EEFC2}.Release|Any CPU.Build.0 = Release|Any CPU
	EndGlobalSection
	GlobalSection(SolutionProperties) = preSolution
		HideSolutionNode = FALSE
	EndGlobalSection
	GlobalSection(ExtensibilityGlobals) = postSolution
		SolutionGuid = {DD02BE85-296A-48C2-B20A-C437B90BF2B7}
	EndGlobalSection
EndGlobal
